// !$*UTF8*$!
{
	archiveVersion = 1;
	classes = {
	};
	objectVersion = 77;
	objects = {

/* Begin PBXContainerItemProxy section */
		5A4B6B842D5C519500D0093A /* PBXContainerItemProxy */ = {
			isa = PBXContainerItemProxy;
			containerPortal = 5A4B6B6B2D5C519400D0093A /* Project object */;
			proxyType = 1;
			remoteGlobalIDString = 5A4B6B722D5C519400D0093A;
			remoteInfo = Lab1_Christian_Do;
		};
		5A4B6B8E2D5C519500D0093A /* PBXContainerItemProxy */ = {
			isa = PBXContainerItemProxy;
			containerPortal = 5A4B6B6B2D5C519400D0093A /* Project object */;
			proxyType = 1;
			remoteGlobalIDString = 5A4B6B722D5C519400D0093A;
			remoteInfo = Lab1_Christian_Do;
		};
/* End PBXContainerItemProxy section */

/* Begin PBXFileReference section */
		5A4B6B732D5C519400D0093A /* Lab1_Christian_Do.app */ = {isa = PBXFileReference; explicitFileType = wrapper.application; includeInIndex = 0; path = Lab1_Christian_Do.app; sourceTree = BUILT_PRODUCTS_DIR; };
		5A4B6B832D5C519500D0093A /* Lab1_Christian_DoTests.xctest */ = {isa = PBXFileReference; explicitFileType = wrapper.cfbundle; includeInIndex = 0; path = Lab1_Christian_DoTests.xctest; sourceTree = BUILT_PRODUCTS_DIR; };
		5A4B6B8D2D5C519500D0093A /* Lab1_Christian_DoUITests.xctest */ = {isa = PBXFileReference; explicitFileType = wrapper.cfbundle; includeInIndex = 0; path = Lab1_Christian_DoUITests.xctest; sourceTree = BUILT_PRODUCTS_DIR; };
/* End PBXFileReference section */

/* Begin PBXFileSystemSynchronizedRootGroup section */
		5A4B6B752D5C519400D0093A /* Lab1_Christian_Do */ = {
			isa = PBXFileSystemSynchronizedRootGroup;
			path = Lab1_Christian_Do;
			sourceTree = "<group>";
		};
		5A4B6B862D5C519500D0093A /* Lab1_Christian_DoTests */ = {
			isa = PBXFileSystemSynchronizedRootGroup;
			path = Lab1_Christian_DoTests;
			sourceTree = "<group>";
		};
		5A4B6B902D5C519500D0093A /* Lab1_Christian_DoUITests */ = {
			isa = PBXFileSystemSynchronizedRootGroup;
			path = Lab1_Christian_DoUITests;
			sourceTree = "<group>";
		};
/* End PBXFileSystemSynchronizedRootGroup section */

/* Begin PBXFrameworksBuildPhase section */
		5A4B6B702D5C519400D0093A /* Frameworks */ = {
			isa = PBXFrameworksBuildPhase;
			buildActionMask = 2147483647;
			files = (
			);
			runOnlyForDeploymentPostprocessing = 0;
		};
		5A4B6B802D5C519500D0093A /* Frameworks */ = {
			isa = PBXFrameworksBuildPhase;
			buildActionMask = 2147483647;
			files = (
			);
			runOnlyForDeploymentPostprocessing = 0;
		};
		5A4B6B8A2D5C519500D0093A /* Frameworks */ = {
			isa = PBXFrameworksBuildPhase;
			buildActionMask = 2147483647;
			files = (
			);
			runOnlyForDeploymentPostprocessing = 0;
		};
/* End PBXFrameworksBuildPhase section */

/* Begin PBXGroup section */
		5A4B6B6A2D5C519400D0093A = {
			isa = PBXGroup;
			children = (
				5A4B6B752D5C519400D0093A /* Lab1_Christian_Do */,
				5A4B6B862D5C519500D0093A /* Lab1_Christian_DoTests */,
				5A4B6B902D5C519500D0093A /* Lab1_Christian_DoUITests */,
				5A4B6B742D5C519400D0093A /* Products */,
			);
			sourceTree = "<group>";
		};
		5A4B6B742D5C519400D0093A /* Products */ = {
			isa = PBXGroup;
			children = (
				5A4B6B732D5C519400D0093A /* Lab1_Christian_Do.app */,
				5A4B6B832D5C519500D0093A /* Lab1_Christian_DoTests.xctest */,
				5A4B6B8D2D5C519500D0093A /* Lab1_Christian_DoUITests.xctest */,
			);
			name = Products;
			sourceTree = "<group>";
		};
/* End PBXGroup section */

/* Begin PBXNativeTarget section */
		5A4B6B722D5C519400D0093A /* Lab1_Christian_Do */ = {
			isa = PBXNativeTarget;
			buildConfigurationList = 5A4B6B972D5C519500D0093A /* Build configuration list for PBXNativeTarget "Lab1_Christian_Do" */;
			buildPhases = (
				5A4B6B6F2D5C519400D0093A /* Sources */,
				5A4B6B702D5C519400D0093A /* Frameworks */,
				5A4B6B712D5C519400D0093A /* Resources */,
			);
			buildRules = (
			);
			dependencies = (
			);
			fileSystemSynchronizedGroups = (
				5A4B6B752D5C519400D0093A /* Lab1_Christian_Do */,
			);
			name = Lab1_Christian_Do;
			packageProductDependencies = (
			);
			productName = Lab1_Christian_Do;
			productReference = 5A4B6B732D5C519400D0093A /* Lab1_Christian_Do.app */;
			productType = "com.apple.product-type.application";
		};
		5A4B6B822D5C519500D0093A /* Lab1_Christian_DoTests */ = {
			isa = PBXNativeTarget;
			buildConfigurationList = 5A4B6B9A2D5C519500D0093A /* Build configuration list for PBXNativeTarget "Lab1_Christian_DoTests" */;
			buildPhases = (
				5A4B6B7F2D5C519500D0093A /* Sources */,
				5A4B6B802D5C519500D0093A /* Frameworks */,
				5A4B6B812D5C519500D0093A /* Resources */,
			);
			buildRules = (
			);
			dependencies = (
				5A4B6B852D5C519500D0093A /* PBXTargetDependency */,
			);
			fileSystemSynchronizedGroups = (
				5A4B6B862D5C519500D0093A /* Lab1_Christian_DoTests */,
			);
			name = Lab1_Christian_DoTests;
			packageProductDependencies = (
			);
			productName = Lab1_Christian_DoTests;
			productReference = 5A4B6B832D5C519500D0093A /* Lab1_Christian_DoTests.xctest */;
			productType = "com.apple.product-type.bundle.unit-test";
		};
		5A4B6B8C2D5C519500D0093A /* Lab1_Christian_DoUITests */ = {
			isa = PBXNativeTarget;
			buildConfigurationList = 5A4B6B9D2D5C519500D0093A /* Build configuration list for PBXNativeTarget "Lab1_Christian_DoUITests" */;
			buildPhases = (
				5A4B6B892D5C519500D0093A /* Sources */,
				5A4B6B8A2D5C519500D0093A /* Frameworks */,
				5A4B6B8B2D5C519500D0093A /* Resources */,
			);
			buildRules = (
			);
			dependencies = (
				5A4B6B8F2D5C519500D0093A /* PBXTargetDependency */,
			);
			fileSystemSynchronizedGroups = (
				5A4B6B902D5C519500D0093A /* Lab1_Christian_DoUITests */,
			);
			name = Lab1_Christian_DoUITests;
			packageProductDependencies = (
			);
			productName = Lab1_Christian_DoUITests;
			productReference = 5A4B6B8D2D5C519500D0093A /* Lab1_Christian_DoUITests.xctest */;
			productType = "com.apple.product-type.bundle.ui-testing";
		};
/* End PBXNativeTarget section */

/* Begin PBXProject section */
		5A4B6B6B2D5C519400D0093A /* Project object */ = {
			isa = PBXProject;
			attributes = {
				BuildIndependentTargetsInParallel = 1;
				LastSwiftUpdateCheck = 1620;
				LastUpgradeCheck = 1620;
				TargetAttributes = {
					5A4B6B722D5C519400D0093A = {
						CreatedOnToolsVersion = 16.2;
					};
					5A4B6B822D5C519500D0093A = {
						CreatedOnToolsVersion = 16.2;
						TestTargetID = 5A4B6B722D5C519400D0093A;
					};
					5A4B6B8C2D5C519500D0093A = {
						CreatedOnToolsVersion = 16.2;
						TestTargetID = 5A4B6B722D5C519400D0093A;
					};
				};
			};
			buildConfigurationList = 5A4B6B6E2D5C519400D0093A /* Build configuration list for PBXProject "Lab1_Christian_Do" */;
			developmentRegion = en;
			hasScannedForEncodings = 0;
			knownRegions = (
				en,
				Base,
			);
			mainGroup = 5A4B6B6A2D5C519400D0093A;
			minimizedProjectReferenceProxies = 1;
			preferredProjectObjectVersion = 77;
			productRefGroup = 5A4B6B742D5C519400D0093A /* Products */;
			projectDirPath = "";
			projectRoot = "";
			targets = (
				5A4B6B722D5C519400D0093A /* Lab1_Christian_Do */,
				5A4B6B822D5C519500D0093A /* Lab1_Christian_DoTests */,
				5A4B6B8C2D5C519500D0093A /* Lab1_Christian_DoUITests */,
			);
		};
/* End PBXProject section */

/* Begin PBXResourcesBuildPhase section */
		5A4B6B712D5C519400D0093A /* Resources */ = {
			isa = PBXResourcesBuildPhase;
			buildActionMask = 2147483647;
			files = (
			);
			runOnlyForDeploymentPostprocessing = 0;
		};
		5A4B6B812D5C519500D0093A /* Resources */ = {
			isa = PBXResourcesBuildPhase;
			buildActionMask = 2147483647;
			files = (
			);
			runOnlyForDeploymentPostprocessing = 0;
		};
		5A4B6B8B2D5C519500D0093A /* Resources */ = {
			isa = PBXResourcesBuildPhase;
			buildActionMask = 2147483647;
			files = (
			);
			runOnlyForDeploymentPostprocessing = 0;
		};
/* End PBXResourcesBuildPhase section */

/* Begin PBXSourcesBuildPhase section */
		5A4B6B6F2D5C519400D0093A /* Sources */ = {
			isa = PBXSourcesBuildPhase;
			buildActionMask = 2147483647;
			files = (
			);
			runOnlyForDeploymentPostprocessing = 0;
		};
		5A4B6B7F2D5C519500D0093A /* Sources */ = {
			isa = PBXSourcesBuildPhase;
			buildActionMask = 2147483647;
			files = (
			);
			runOnlyForDeploymentPostprocessing = 0;
		};
		5A4B6B892D5C519500D0093A /* Sources */ = {
			isa = PBXSourcesBuildPhase;
			buildActionMask = 2147483647;
			files = (
			);
			runOnlyForDeploymentPostprocessing = 0;
		};
/* End PBXSourcesBuildPhase section */

/* Begin PBXTargetDependency section */
		5A4B6B852D5C519500D0093A /* PBXTargetDependency */ = {
			isa = PBXTargetDependency;
			target = 5A4B6B722D5C519400D0093A /* Lab1_Christian_Do */;
			targetProxy = 5A4B6B842D5C519500D0093A /* PBXContainerItemProxy */;
		};
		5A4B6B8F2D5C519500D0093A /* PBXTargetDependency */ = {
			isa = PBXTargetDependency;
			target = 5A4B6B722D5C519400D0093A /* Lab1_Christian_Do */;
			targetProxy = 5A4B6B8E2D5C519500D0093A /* PBXContainerItemProxy */;
		};
/* End PBXTargetDependency section */

/* Begin XCBuildConfiguration section */
		5A4B6B952D5C519500D0093A /* Debug */ = {
			isa = XCBuildConfiguration;
			buildSettings = {
				ALWAYS_SEARCH_USER_PATHS = NO;
				ASSETCATALOG_COMPILER_GENERATE_SWIFT_ASSET_SYMBOL_EXTENSIONS = YES;
				CLANG_ANALYZER_NONNULL = YES;
				CLANG_ANALYZER_NUMBER_OBJECT_CONVERSION = YES_AGGRESSIVE;
				CLANG_CXX_LANGUAGE_STANDARD = "gnu++20";
				CLANG_ENABLE_MODULES = YES;
				CLANG_ENABLE_OBJC_ARC = YES;
				CLANG_ENABLE_OBJC_WEAK = YES;
				CLANG_WARN_BLOCK_CAPTURE_AUTORELEASING = YES;
				CLANG_WARN_BOOL_CONVERSION = YES;
				CLANG_WARN_COMMA = YES;
				CLANG_WARN_CONSTANT_CONVERSION = YES;
				CLANG_WARN_DEPRECATED_OBJC_IMPLEMENTATIONS = YES;
				CLANG_WARN_DIRECT_OBJC_ISA_USAGE = YES_ERROR;
				CLANG_WARN_DOCUMENTATION_COMMENTS = YES;
				CLANG_WARN_EMPTY_BODY = YES;
				CLANG_WARN_ENUM_CONVERSION = YES;
				CLANG_WARN_INFINITE_RECURSION = YES;
				CLANG_WARN_INT_CONVERSION = YES;
				CLANG_WARN_NON_LITERAL_NULL_CONVERSION = YES;
				CLANG_WARN_OBJC_IMPLICIT_RETAIN_SELF = YES;
				CLANG_WARN_OBJC_LITERAL_CONVERSION = YES;
				CLANG_WARN_OBJC_ROOT_CLASS = YES_ERROR;
				CLANG_WARN_QUOTED_INCLUDE_IN_FRAMEWORK_HEADER = YES;
				CLANG_WARN_RANGE_LOOP_ANALYSIS = YES;
				CLANG_WARN_STRICT_PROTOTYPES = YES;
				CLANG_WARN_SUSPICIOUS_MOVE = YES;
				CLANG_WARN_UNGUARDED_AVAILABILITY = YES_AGGRESSIVE;
				CLANG_WARN_UNREACHABLE_CODE = YES;
				CLANG_WARN__DUPLICATE_METHOD_MATCH = YES;
				COPY_PHASE_STRIP = NO;
				DEBUG_INFORMATION_FORMAT = dwarf;
				ENABLE_STRICT_OBJC_MSGSEND = YES;
				ENABLE_TESTABILITY = YES;
				ENABLE_USER_SCRIPT_SANDBOXING = YES;
				GCC_C_LANGUAGE_STANDARD = gnu17;
				GCC_DYNAMIC_NO_PIC = NO;
				GCC_NO_COMMON_BLOCKS = YES;
				GCC_OPTIMIZATION_LEVEL = 0;
				GCC_PREPROCESSOR_DEFINITIONS = (
					"DEBUG=1",
					"$(inherited)",
				);
				GCC_WARN_64_TO_32_BIT_CONVERSION = YES;
				GCC_WARN_ABOUT_RETURN_TYPE = YES_ERROR;
				GCC_WARN_UNDECLARED_SELECTOR = YES;
				GCC_WARN_UNINITIALIZED_AUTOS = YES_AGGRESSIVE;
				GCC_WARN_UNUSED_FUNCTION = YES;
				GCC_WARN_UNUSED_VARIABLE = YES;
				IPHONEOS_DEPLOYMENT_TARGET = 18.2;
				LOCALIZATION_PREFERS_STRING_CATALOGS = YES;
				MTL_ENABLE_DEBUG_INFO = INCLUDE_SOURCE;
				MTL_FAST_MATH = YES;
				ONLY_ACTIVE_ARCH = YES;
				SDKROOT = iphoneos;
				SWIFT_ACTIVE_COMPILATION_CONDITIONS = "DEBUG $(inherited)";
				SWIFT_OPTIMIZATION_LEVEL = "-Onone";
			};
			name = Debug;
		};
		5A4B6B962D5C519500D0093A /* Release */ = {
			isa = XCBuildConfiguration;
			buildSettings = {
				ALWAYS_SEARCH_USER_PATHS = NO;
				ASSETCATALOG_COMPILER_GENERATE_SWIFT_ASSET_SYMBOL_EXTENSIONS = YES;
				CLANG_ANALYZER_NONNULL = YES;
				CLANG_ANALYZER_NUMBER_OBJECT_CONVERSION = YES_AGGRESSIVE;
				CLANG_CXX_LANGUAGE_STANDARD = "gnu++20";
				CLANG_ENABLE_MODULES = YES;
				CLANG_ENABLE_OBJC_ARC = YES;
				CLANG_ENABLE_OBJC_WEAK = YES;
				CLANG_WARN_BLOCK_CAPTURE_AUTORELEASING = YES;
				CLANG_WARN_BOOL_CONVERSION = YES;
				CLANG_WARN_COMMA = YES;
				CLANG_WARN_CONSTANT_CONVERSION = YES;
				CLANG_WARN_DEPRECATED_OBJC_IMPLEMENTATIONS = YES;
				CLANG_WARN_DIRECT_OBJC_ISA_USAGE = YES_ERROR;
				CLANG_WARN_DOCUMENTATION_COMMENTS = YES;
				CLANG_WARN_EMPTY_BODY = YES;
				CLANG_WARN_ENUM_CONVERSION = YES;
				CLANG_WARN_INFINITE_RECURSION = YES;
				CLANG_WARN_INT_CONVERSION = YES;
				CLANG_WARN_NON_LITERAL_NULL_CONVERSION = YES;
				CLANG_WARN_OBJC_IMPLICIT_RETAIN_SELF = YES;
				CLANG_WARN_OBJC_LITERAL_CONVERSION = YES;
				CLANG_WARN_OBJC_ROOT_CLASS = YES_ERROR;
				CLANG_WARN_QUOTED_INCLUDE_IN_FRAMEWORK_HEADER = YES;
				CLANG_WARN_RANGE_LOOP_ANALYSIS = YES;
				CLANG_WARN_STRICT_PROTOTYPES = YES;
				CLANG_WARN_SUSPICIOUS_MOVE = YES;
				CLANG_WARN_UNGUARDED_AVAILABILITY = YES_AGGRESSIVE;
				CLANG_WARN_UNREACHABLE_CODE = YES;
				CLANG_WARN__DUPLICATE_METHOD_MATCH = YES;
				COPY_PHASE_STRIP = NO;
				DEBUG_INFORMATION_FORMAT = "dwarf-with-dsym";
				ENABLE_NS_ASSERTIONS = NO;
				ENABLE_STRICT_OBJC_MSGSEND = YES;
				ENABLE_USER_SCRIPT_SANDBOXING = YES;
				GCC_C_LANGUAGE_STANDARD = gnu17;
				GCC_NO_COMMON_BLOCKS = YES;
				GCC_WARN_64_TO_32_BIT_CONVERSION = YES;
				GCC_WARN_ABOUT_RETURN_TYPE = YES_ERROR;
				GCC_WARN_UNDECLARED_SELECTOR = YES;
				GCC_WARN_UNINITIALIZED_AUTOS = YES_AGGRESSIVE;
				GCC_WARN_UNUSED_FUNCTION = YES;
				GCC_WARN_UNUSED_VARIABLE = YES;
				IPHONEOS_DEPLOYMENT_TARGET = 18.2;
				LOCALIZATION_PREFERS_STRING_CATALOGS = YES;
				MTL_ENABLE_DEBUG_INFO = NO;
				MTL_FAST_MATH = YES;
				SDKROOT = iphoneos;
				SWIFT_COMPILATION_MODE = wholemodule;
				VALIDATE_PRODUCT = YES;
			};
			name = Release;
		};
		5A4B6B982D5C519500D0093A /* Debug */ = {
			isa = XCBuildConfiguration;
			buildSettings = {
				ASSETCATALOG_COMPILER_APPICON_NAME = AppIcon;
				ASSETCATALOG_COMPILER_GLOBAL_ACCENT_COLOR_NAME = AccentColor;
				CODE_SIGN_STYLE = Automatic;
				CURRENT_PROJECT_VERSION = 1;
				DEVELOPMENT_ASSET_PATHS = "\"Lab1_Christian_Do/Preview Content\"";
				ENABLE_PREVIEWS = YES;
				GENERATE_INFOPLIST_FILE = YES;
				INFOPLIST_KEY_UIApplicationSceneManifest_Generation = YES;
				INFOPLIST_KEY_UIApplicationSupportsIndirectInputEvents = YES;
				INFOPLIST_KEY_UILaunchScreen_Generation = YES;
				INFOPLIST_KEY_UISupportedInterfaceOrientations_iPad = "UIInterfaceOrientationPortrait UIInterfaceOrientationPortraitUpsideDown UIInterfaceOrientationLandscapeLeft UIInterfaceOrientationLandscapeRight";
				INFOPLIST_KEY_UISupportedInterfaceOrientations_iPhone = "UIInterfaceOrientationPortrait UIInterfaceOrientationLandscapeLeft UIInterfaceOrientationLandscapeRight";
				LD_RUNPATH_SEARCH_PATHS = (
					"$(inherited)",
					"@executable_path/Frameworks",
				);
				MARKETING_VERSION = 1.0;
				PRODUCT_BUNDLE_IDENTIFIER = "gb.Lab1-Christian-Do";
				PRODUCT_NAME = "$(TARGET_NAME)";
				SWIFT_EMIT_LOC_STRINGS = YES;
				SWIFT_VERSION = 5.0;
				TARGETED_DEVICE_FAMILY = "1,2";
			};
			name = Debug;
		};
		5A4B6B992D5C519500D0093A /* Release */ = {
			isa = XCBuildConfiguration;
			buildSettings = {
				ASSETCATALOG_COMPILER_APPICON_NAME = AppIcon;
				ASSETCATALOG_COMPILER_GLOBAL_ACCENT_COLOR_NAME = AccentColor;
				CODE_SIGN_STYLE = Automatic;
				CURRENT_PROJECT_VERSION = 1;
				DEVELOPMENT_ASSET_PATHS = "\"Lab1_Christian_Do/Preview Content\"";
				ENABLE_PREVIEWS = YES;
				GENERATE_INFOPLIST_FILE = YES;
				INFOPLIST_KEY_UIApplicationSceneManifest_Generation = YES;
				INFOPLIST_KEY_UIApplicationSupportsIndirectInputEvents = YES;
				INFOPLIST_KEY_UILaunchScreen_Generation = YES;
				INFOPLIST_KEY_UISupportedInterfaceOrientations_iPad = "UIInterfaceOrientationPortrait UIInterfaceOrientationPortraitUpsideDown UIInterfaceOrientationLandscapeLeft UIInterfaceOrientationLandscapeRight";
				INFOPLIST_KEY_UISupportedInterfaceOrientations_iPhone = "UIInterfaceOrientationPortrait UIInterfaceOrientationLandscapeLeft UIInterfaceOrientationLandscapeRight";
				LD_RUNPATH_SEARCH_PATHS = (
					"$(inherited)",
					"@executable_path/Frameworks",
				);
				MARKETING_VERSION = 1.0;
				PRODUCT_BUNDLE_IDENTIFIER = "gb.Lab1-Christian-Do";
				PRODUCT_NAME = "$(TARGET_NAME)";
				SWIFT_EMIT_LOC_STRINGS = YES;
				SWIFT_VERSION = 5.0;
				TARGETED_DEVICE_FAMILY = "1,2";
			};
			name = Release;
		};
		5A4B6B9B2D5C519500D0093A /* Debug */ = {
			isa = XCBuildConfiguration;
			buildSettings = {
				BUNDLE_LOADER = "$(TEST_HOST)";
				CODE_SIGN_STYLE = Automatic;
				CURRENT_PROJECT_VERSION = 1;
				GENERATE_INFOPLIST_FILE = YES;
				IPHONEOS_DEPLOYMENT_TARGET = 18.2;
				MARKETING_VERSION = 1.0;
				PRODUCT_BUNDLE_IDENTIFIER = "gb.Lab1-Christian-DoTests";
				PRODUCT_NAME = "$(TARGET_NAME)";
				SWIFT_EMIT_LOC_STRINGS = NO;
				SWIFT_VERSION = 5.0;
				TARGETED_DEVICE_FAMILY = "1,2";
				TEST_HOST = "$(BUILT_PRODUCTS_DIR)/Lab1_Christian_Do.app/$(BUNDLE_EXECUTABLE_FOLDER_PATH)/Lab1_Christian_Do";
			};
			name = Debug;
		};
		5A4B6B9C2D5C519500D0093A /* Release */ = {
			isa = XCBuildConfiguration;
			buildSettings = {
				BUNDLE_LOADER = "$(TEST_HOST)";
				CODE_SIGN_STYLE = Automatic;
				CURRENT_PROJECT_VERSION = 1;
				GENERATE_INFOPLIST_FILE = YES;
				IPHONEOS_DEPLOYMENT_TARGET = 18.2;
				MARKETING_VERSION = 1.0;
				PRODUCT_BUNDLE_IDENTIFIER = "gb.Lab1-Christian-DoTests";
				PRODUCT_NAME = "$(TARGET_NAME)";
				SWIFT_EMIT_LOC_STRINGS = NO;
				SWIFT_VERSION = 5.0;
				TARGETED_DEVICE_FAMILY = "1,2";
				TEST_HOST = "$(BUILT_PRODUCTS_DIR)/Lab1_Christian_Do.app/$(BUNDLE_EXECUTABLE_FOLDER_PATH)/Lab1_Christian_Do";
			};
			name = Release;
		};
		5A4B6B9E2D5C519500D0093A /* Debug */ = {
			isa = XCBuildConfiguration;
			buildSettings = {
				CODE_SIGN_STYLE = Automatic;
				CURRENT_PROJECT_VERSION = 1;
				GENERATE_INFOPLIST_FILE = YES;
				MARKETING_VERSION = 1.0;
				PRODUCT_BUNDLE_IDENTIFIER = "gb.Lab1-Christian-DoUITests";
				PRODUCT_NAME = "$(TARGET_NAME)";
				SWIFT_EMIT_LOC_STRINGS = NO;
				SWIFT_VERSION = 5.0;
				TARGETED_DEVICE_FAMILY = "1,2";
				TEST_TARGET_NAME = Lab1_Christian_Do;
			};
			name = Debug;
		};
		5A4B6B9F2D5C519500D0093A /* Release */ = {
			isa = XCBuildConfiguration;
			buildSettings = {
				CODE_SIGN_STYLE = Automatic;
				CURRENT_PROJECT_VERSION = 1;
				GENERATE_INFOPLIST_FILE = YES;
				MARKETING_VERSION = 1.0;
				PRODUCT_BUNDLE_IDENTIFIER = "gb.Lab1-Christian-DoUITests";
				PRODUCT_NAME = "$(TARGET_NAME)";
				SWIFT_EMIT_LOC_STRINGS = NO;
				SWIFT_VERSION = 5.0;
				TARGETED_DEVICE_FAMILY = "1,2";
				TEST_TARGET_NAME = Lab1_Christian_Do;
			};
			name = Release;
		};
/* End XCBuildConfiguration section */

/* Begin XCConfigurationList section */
		5A4B6B6E2D5C519400D0093A /* Build configuration list for PBXProject "Lab1_Christian_Do" */ = {
			isa = XCConfigurationList;
			buildConfigurations = (
				5A4B6B952D5C519500D0093A /* Debug */,
				5A4B6B962D5C519500D0093A /* Release */,
			);
			defaultConfigurationIsVisible = 0;
			defaultConfigurationName = Release;
		};
		5A4B6B972D5C519500D0093A /* Build configuration list for PBXNativeTarget "Lab1_Christian_Do" */ = {
			isa = XCConfigurationList;
			buildConfigurations = (
				5A4B6B982D5C519500D0093A /* Debug */,
				5A4B6B992D5C519500D0093A /* Release */,
			);
			defaultConfigurationIsVisible = 0;
			defaultConfigurationName = Release;
		};
		5A4B6B9A2D5C519500D0093A /* Build configuration list for PBXNativeTarget "Lab1_Christian_DoTests" */ = {
			isa = XCConfigurationList;
			buildConfigurations = (
				5A4B6B9B2D5C519500D0093A /* Debug */,
				5A4B6B9C2D5C519500D0093A /* Release */,
			);
			defaultConfigurationIsVisible = 0;
			defaultConfigurationName = Release;
		};
		5A4B6B9D2D5C519500D0093A /* Build configuration list for PBXNativeTarget "Lab1_Christian_DoUITests" */ = {
			isa = XCConfigurationList;
			buildConfigurations = (
				5A4B6B9E2D5C519500D0093A /* Debug */,
				5A4B6B9F2D5C519500D0093A /* Release */,
			);
			defaultConfigurationIsVisible = 0;
			defaultConfigurationName = Release;
		};
/* End XCConfigurationList section */
	};
	rootObject = 5A4B6B6B2D5C519400D0093A /* Project object */;
}
