// !$*UTF8*$!
{
	archiveVersion = 1;
	classes = {
	};
	objectVersion = 77;
	objects = {

/* Begin PBXContainerItemProxy section */
		5A87F7C72D8D1CD700F309EA /* PBXContainerItemProxy */ = {
			isa = PBXContainerItemProxy;
			containerPortal = 5A87F7A82D8D1CD400F309EA /* Project object */;
			proxyType = 1;
			remoteGlobalIDString = 5A87F7AF2D8D1CD400F309EA;
			remoteInfo = LabExe9;
		};
		5A87F7D12D8D1CD700F309EA /* PBXContainerItemProxy */ = {
			isa = PBXContainerItemProxy;
			containerPortal = 5A87F7A82D8D1CD400F309EA /* Project object */;
			proxyType = 1;
			remoteGlobalIDString = 5A87F7AF2D8D1CD400F309EA;
			remoteInfo = LabExe9;
		};
/* End PBXContainerItemProxy section */

/* Begin PBXFileReference section */
		5A87F7B02D8D1CD400F309EA /* LabExe9.app */ = {isa = PBXFileReference; explicitFileType = wrapper.application; includeInIndex = 0; path = LabExe9.app; sourceTree = BUILT_PRODUCTS_DIR; };
		5A87F7C62D8D1CD700F309EA /* LabExe9Tests.xctest */ = {isa = PBXFileReference; explicitFileType = wrapper.cfbundle; includeInIndex = 0; path = LabExe9Tests.xctest; sourceTree = BUILT_PRODUCTS_DIR; };
		5A87F7D02D8D1CD700F309EA /* LabExe9UITests.xctest */ = {isa = PBXFileReference; explicitFileType = wrapper.cfbundle; includeInIndex = 0; path = LabExe9UITests.xctest; sourceTree = BUILT_PRODUCTS_DIR; };
/* End PBXFileReference section */

/* Begin PBXFileSystemSynchronizedBuildFileExceptionSet section */
		5A87F7D82D8D1CD700F309EA /* Exceptions for "LabExe9" folder in "LabExe9" target */ = {
			isa = PBXFileSystemSynchronizedBuildFileExceptionSet;
			membershipExceptions = (
				Info.plist,
			);
			target = 5A87F7AF2D8D1CD400F309EA /* LabExe9 */;
		};
/* End PBXFileSystemSynchronizedBuildFileExceptionSet section */

/* Begin PBXFileSystemSynchronizedRootGroup section */
		5A87F7B22D8D1CD400F309EA /* LabExe9 */ = {
			isa = PBXFileSystemSynchronizedRootGroup;
			exceptions = (
				5A87F7D82D8D1CD700F309EA /* Exceptions for "LabExe9" folder in "LabExe9" target */,
			);
			path = LabExe9;
			sourceTree = "<group>";
		};
		5A87F7C92D8D1CD700F309EA /* LabExe9Tests */ = {
			isa = PBXFileSystemSynchronizedRootGroup;
			path = LabExe9Tests;
			sourceTree = "<group>";
		};
		5A87F7D32D8D1CD700F309EA /* LabExe9UITests */ = {
			isa = PBXFileSystemSynchronizedRootGroup;
			path = LabExe9UITests;
			sourceTree = "<group>";
		};
/* End PBXFileSystemSynchronizedRootGroup section */

/* Begin PBXFrameworksBuildPhase section */
		5A87F7AD2D8D1CD400F309EA /* Frameworks */ = {
			isa = PBXFrameworksBuildPhase;
			buildActionMask = 2147483647;
			files = (
			);
			runOnlyForDeploymentPostprocessing = 0;
		};
		5A87F7C32D8D1CD700F309EA /* Frameworks */ = {
			isa = PBXFrameworksBuildPhase;
			buildActionMask = 2147483647;
			files = (
			);
			runOnlyForDeploymentPostprocessing = 0;
		};
		5A87F7CD2D8D1CD700F309EA /* Frameworks */ = {
			isa = PBXFrameworksBuildPhase;
			buildActionMask = 2147483647;
			files = (
			);
			runOnlyForDeploymentPostprocessing = 0;
		};
/* End PBXFrameworksBuildPhase section */

/* Begin PBXGroup section */
		5A87F7A72D8D1CD400F309EA = {
			isa = PBXGroup;
			children = (
				5A87F7B22D8D1CD400F309EA /* LabExe9 */,
				5A87F7C92D8D1CD700F309EA /* LabExe9Tests */,
				5A87F7D32D8D1CD700F309EA /* LabExe9UITests */,
				5A87F7B12D8D1CD400F309EA /* Products */,
			);
			sourceTree = "<group>";
		};
		5A87F7B12D8D1CD400F309EA /* Products */ = {
			isa = PBXGroup;
			children = (
				5A87F7B02D8D1CD400F309EA /* LabExe9.app */,
				5A87F7C62D8D1CD700F309EA /* LabExe9Tests.xctest */,
				5A87F7D02D8D1CD700F309EA /* LabExe9UITests.xctest */,
			);
			name = Products;
			sourceTree = "<group>";
		};
/* End PBXGroup section */

/* Begin PBXNativeTarget section */
		5A87F7AF2D8D1CD400F309EA /* LabExe9 */ = {
			isa = PBXNativeTarget;
			buildConfigurationList = 5A87F7D92D8D1CD700F309EA /* Build configuration list for PBXNativeTarget "LabExe9" */;
			buildPhases = (
				5A87F7AC2D8D1CD400F309EA /* Sources */,
				5A87F7AD2D8D1CD400F309EA /* Frameworks */,
				5A87F7AE2D8D1CD400F309EA /* Resources */,
			);
			buildRules = (
			);
			dependencies = (
			);
			fileSystemSynchronizedGroups = (
				5A87F7B22D8D1CD400F309EA /* LabExe9 */,
			);
			name = LabExe9;
			packageProductDependencies = (
			);
			productName = LabExe9;
			productReference = 5A87F7B02D8D1CD400F309EA /* LabExe9.app */;
			productType = "com.apple.product-type.application";
		};
		5A87F7C52D8D1CD700F309EA /* LabExe9Tests */ = {
			isa = PBXNativeTarget;
			buildConfigurationList = 5A87F7DE2D8D1CD700F309EA /* Build configuration list for PBXNativeTarget "LabExe9Tests" */;
			buildPhases = (
				5A87F7C22D8D1CD700F309EA /* Sources */,
				5A87F7C32D8D1CD700F309EA /* Frameworks */,
				5A87F7C42D8D1CD700F309EA /* Resources */,
			);
			buildRules = (
			);
			dependencies = (
				5A87F7C82D8D1CD700F309EA /* PBXTargetDependency */,
			);
			fileSystemSynchronizedGroups = (
				5A87F7C92D8D1CD700F309EA /* LabExe9Tests */,
			);
			name = LabExe9Tests;
			packageProductDependencies = (
			);
			productName = LabExe9Tests;
			productReference = 5A87F7C62D8D1CD700F309EA /* LabExe9Tests.xctest */;
			productType = "com.apple.product-type.bundle.unit-test";
		};
		5A87F7CF2D8D1CD700F309EA /* LabExe9UITests */ = {
			isa = PBXNativeTarget;
			buildConfigurationList = 5A87F7E12D8D1CD700F309EA /* Build configuration list for PBXNativeTarget "LabExe9UITests" */;
			buildPhases = (
				5A87F7CC2D8D1CD700F309EA /* Sources */,
				5A87F7CD2D8D1CD700F309EA /* Frameworks */,
				5A87F7CE2D8D1CD700F309EA /* Resources */,
			);
			buildRules = (
			);
			dependencies = (
				5A87F7D22D8D1CD700F309EA /* PBXTargetDependency */,
			);
			fileSystemSynchronizedGroups = (
				5A87F7D32D8D1CD700F309EA /* LabExe9UITests */,
			);
			name = LabExe9UITests;
			packageProductDependencies = (
			);
			productName = LabExe9UITests;
			productReference = 5A87F7D02D8D1CD700F309EA /* LabExe9UITests.xctest */;
			productType = "com.apple.product-type.bundle.ui-testing";
		};
/* End PBXNativeTarget section */

/* Begin PBXProject section */
		5A87F7A82D8D1CD400F309EA /* Project object */ = {
			isa = PBXProject;
			attributes = {
				BuildIndependentTargetsInParallel = 1;
				LastSwiftUpdateCheck = 1620;
				LastUpgradeCheck = 1620;
				TargetAttributes = {
					5A87F7AF2D8D1CD400F309EA = {
						CreatedOnToolsVersion = 16.2;
					};
					5A87F7C52D8D1CD700F309EA = {
						CreatedOnToolsVersion = 16.2;
						TestTargetID = 5A87F7AF2D8D1CD400F309EA;
					};
					5A87F7CF2D8D1CD700F309EA = {
						CreatedOnToolsVersion = 16.2;
						TestTargetID = 5A87F7AF2D8D1CD400F309EA;
					};
				};
			};
			buildConfigurationList = 5A87F7AB2D8D1CD400F309EA /* Build configuration list for PBXProject "LabExe9" */;
			developmentRegion = en;
			hasScannedForEncodings = 0;
			knownRegions = (
				en,
				Base,
			);
			mainGroup = 5A87F7A72D8D1CD400F309EA;
			minimizedProjectReferenceProxies = 1;
			preferredProjectObjectVersion = 77;
			productRefGroup = 5A87F7B12D8D1CD400F309EA /* Products */;
			projectDirPath = "";
			projectRoot = "";
			targets = (
				5A87F7AF2D8D1CD400F309EA /* LabExe9 */,
				5A87F7C52D8D1CD700F309EA /* LabExe9Tests */,
				5A87F7CF2D8D1CD700F309EA /* LabExe9UITests */,
			);
		};
/* End PBXProject section */

/* Begin PBXResourcesBuildPhase section */
		5A87F7AE2D8D1CD400F309EA /* Resources */ = {
			isa = PBXResourcesBuildPhase;
			buildActionMask = 2147483647;
			files = (
			);
			runOnlyForDeploymentPostprocessing = 0;
		};
		5A87F7C42D8D1CD700F309EA /* Resources */ = {
			isa = PBXResourcesBuildPhase;
			buildActionMask = 2147483647;
			files = (
			);
			runOnlyForDeploymentPostprocessing = 0;
		};
		5A87F7CE2D8D1CD700F309EA /* Resources */ = {
			isa = PBXResourcesBuildPhase;
			buildActionMask = 2147483647;
			files = (
			);
			runOnlyForDeploymentPostprocessing = 0;
		};
/* End PBXResourcesBuildPhase section */

/* Begin PBXSourcesBuildPhase section */
		5A87F7AC2D8D1CD400F309EA /* Sources */ = {
			isa = PBXSourcesBuildPhase;
			buildActionMask = 2147483647;
			files = (
			);
			runOnlyForDeploymentPostprocessing = 0;
		};
		5A87F7C22D8D1CD700F309EA /* Sources */ = {
			isa = PBXSourcesBuildPhase;
			buildActionMask = 2147483647;
			files = (
			);
			runOnlyForDeploymentPostprocessing = 0;
		};
		5A87F7CC2D8D1CD700F309EA /* Sources */ = {
			isa = PBXSourcesBuildPhase;
			buildActionMask = 2147483647;
			files = (
			);
			runOnlyForDeploymentPostprocessing = 0;
		};
/* End PBXSourcesBuildPhase section */

/* Begin PBXTargetDependency section */
		5A87F7C82D8D1CD700F309EA /* PBXTargetDependency */ = {
			isa = PBXTargetDependency;
			target = 5A87F7AF2D8D1CD400F309EA /* LabExe9 */;
			targetProxy = 5A87F7C72D8D1CD700F309EA /* PBXContainerItemProxy */;
		};
		5A87F7D22D8D1CD700F309EA /* PBXTargetDependency */ = {
			isa = PBXTargetDependency;
			target = 5A87F7AF2D8D1CD400F309EA /* LabExe9 */;
			targetProxy = 5A87F7D12D8D1CD700F309EA /* PBXContainerItemProxy */;
		};
/* End PBXTargetDependency section */

/* Begin XCBuildConfiguration section */
		5A87F7DA2D8D1CD700F309EA /* Debug */ = {
			isa = XCBuildConfiguration;
			buildSettings = {
				ASSETCATALOG_COMPILER_APPICON_NAME = AppIcon;
				ASSETCATALOG_COMPILER_GLOBAL_ACCENT_COLOR_NAME = AccentColor;
				CODE_SIGN_STYLE = Automatic;
				CURRENT_PROJECT_VERSION = 1;
				GENERATE_INFOPLIST_FILE = YES;
				INFOPLIST_FILE = LabExe9/Info.plist;
				INFOPLIST_KEY_UIApplicationSupportsIndirectInputEvents = YES;
				INFOPLIST_KEY_UILaunchStoryboardName = LaunchScreen;
				INFOPLIST_KEY_UIMainStoryboardFile = Main;
				INFOPLIST_KEY_UISupportedInterfaceOrientations_iPad = "UIInterfaceOrientationPortrait UIInterfaceOrientationPortraitUpsideDown UIInterfaceOrientationLandscapeLeft UIInterfaceOrientationLandscapeRight";
				INFOPLIST_KEY_UISupportedInterfaceOrientations_iPhone = "UIInterfaceOrientationPortrait UIInterfaceOrientationLandscapeLeft UIInterfaceOrientationLandscapeRight";
				LD_RUNPATH_SEARCH_PATHS = (
					"$(inherited)",
					"@executable_path/Frameworks",
				);
				MARKETING_VERSION = 1.0;
				PRODUCT_BUNDLE_IDENTIFIER = gb.LabExe9;
				PRODUCT_NAME = "$(TARGET_NAME)";
				SWIFT_EMIT_LOC_STRINGS = YES;
				SWIFT_VERSION = 5.0;
				TARGETED_DEVICE_FAMILY = "1,2";
			};
			name = Debug;
		};
		5A87F7DB2D8D1CD700F309EA /* Release */ = {
			isa = XCBuildConfiguration;
			buildSettings = {
				ASSETCATALOG_COMPILER_APPICON_NAME = AppIcon;
				ASSETCATALOG_COMPILER_GLOBAL_ACCENT_COLOR_NAME = AccentColor;
				CODE_SIGN_STYLE = Automatic;
				CURRENT_PROJECT_VERSION = 1;
				GENERATE_INFOPLIST_FILE = YES;
				INFOPLIST_FILE = LabExe9/Info.plist;
				INFOPLIST_KEY_UIApplicationSupportsIndirectInputEvents = YES;
				INFOPLIST_KEY_UILaunchStoryboardName = LaunchScreen;
				INFOPLIST_KEY_UIMainStoryboardFile = Main;
				INFOPLIST_KEY_UISupportedInterfaceOrientations_iPad = "UIInterfaceOrientationPortrait UIInterfaceOrientationPortraitUpsideDown UIInterfaceOrientationLandscapeLeft UIInterfaceOrientationLandscapeRight";
				INFOPLIST_KEY_UISupportedInterfaceOrientations_iPhone = "UIInterfaceOrientationPortrait UIInterfaceOrientationLandscapeLeft UIInterfaceOrientationLandscapeRight";
				LD_RUNPATH_SEARCH_PATHS = (
					"$(inherited)",
					"@executable_path/Frameworks",
				);
				MARKETING_VERSION = 1.0;
				PRODUCT_BUNDLE_IDENTIFIER = gb.LabExe9;
				PRODUCT_NAME = "$(TARGET_NAME)";
				SWIFT_EMIT_LOC_STRINGS = YES;
				SWIFT_VERSION = 5.0;
				TARGETED_DEVICE_FAMILY = "1,2";
			};
			name = Release;
		};
		5A87F7DC2D8D1CD700F309EA /* Debug */ = {
			isa = XCBuildConfiguration;
			buildSettings = {
				ALWAYS_SEARCH_USER_PATHS = NO;
				ASSETCATALOG_COMPILER_GENERATE_SWIFT_ASSET_SYMBOL_EXTENSIONS = YES;
				CLANG_ANALYZER_NONNULL = YES;
				CLANG_ANALYZER_NUMBER_OBJECT_CONVERSION = YES_AGGRESSIVE;
				CLANG_CXX_LANGUAGE_STANDARD = "gnu++20";
				CLANG_ENABLE_MODULES = YES;
				CLANG_ENABLE_OBJC_ARC = YES;
				CLANG_ENABLE_OBJC_WEAK = YES;
				CLANG_WARN_BLOCK_CAPTURE_AUTORELEASING = YES;
				CLANG_WARN_BOOL_CONVERSION = YES;
				CLANG_WARN_COMMA = YES;
				CLANG_WARN_CONSTANT_CONVERSION = YES;
				CLANG_WARN_DEPRECATED_OBJC_IMPLEMENTATIONS = YES;
				CLANG_WARN_DIRECT_OBJC_ISA_USAGE = YES_ERROR;
				CLANG_WARN_DOCUMENTATION_COMMENTS = YES;
				CLANG_WARN_EMPTY_BODY = YES;
				CLANG_WARN_ENUM_CONVERSION = YES;
				CLANG_WARN_INFINITE_RECURSION = YES;
				CLANG_WARN_INT_CONVERSION = YES;
				CLANG_WARN_NON_LITERAL_NULL_CONVERSION = YES;
				CLANG_WARN_OBJC_IMPLICIT_RETAIN_SELF = YES;
				CLANG_WARN_OBJC_LITERAL_CONVERSION = YES;
				CLANG_WARN_OBJC_ROOT_CLASS = YES_ERROR;
				CLANG_WARN_QUOTED_INCLUDE_IN_FRAMEWORK_HEADER = YES;
				CLANG_WARN_RANGE_LOOP_ANALYSIS = YES;
				CLANG_WARN_STRICT_PROTOTYPES = YES;
				CLANG_WARN_SUSPICIOUS_MOVE = YES;
				CLANG_WARN_UNGUARDED_AVAILABILITY = YES_AGGRESSIVE;
				CLANG_WARN_UNREACHABLE_CODE = YES;
				CLANG_WARN__DUPLICATE_METHOD_MATCH = YES;
				COPY_PHASE_STRIP = NO;
				DEBUG_INFORMATION_FORMAT = dwarf;
				ENABLE_STRICT_OBJC_MSGSEND = YES;
				ENABLE_TESTABILITY = YES;
				ENABLE_USER_SCRIPT_SANDBOXING = YES;
				GCC_C_LANGUAGE_STANDARD = gnu17;
				GCC_DYNAMIC_NO_PIC = NO;
				GCC_NO_COMMON_BLOCKS = YES;
				GCC_OPTIMIZATION_LEVEL = 0;
				GCC_PREPROCESSOR_DEFINITIONS = (
					"DEBUG=1",
					"$(inherited)",
				);
				GCC_WARN_64_TO_32_BIT_CONVERSION = YES;
				GCC_WARN_ABOUT_RETURN_TYPE = YES_ERROR;
				GCC_WARN_UNDECLARED_SELECTOR = YES;
				GCC_WARN_UNINITIALIZED_AUTOS = YES_AGGRESSIVE;
				GCC_WARN_UNUSED_FUNCTION = YES;
				GCC_WARN_UNUSED_VARIABLE = YES;
				IPHONEOS_DEPLOYMENT_TARGET = 18.2;
				LOCALIZATION_PREFERS_STRING_CATALOGS = YES;
				MTL_ENABLE_DEBUG_INFO = INCLUDE_SOURCE;
				MTL_FAST_MATH = YES;
				ONLY_ACTIVE_ARCH = YES;
				SDKROOT = iphoneos;
				SWIFT_ACTIVE_COMPILATION_CONDITIONS = "DEBUG $(inherited)";
				SWIFT_OPTIMIZATION_LEVEL = "-Onone";
			};
			name = Debug;
		};
		5A87F7DD2D8D1CD700F309EA /* Release */ = {
			isa = XCBuildConfiguration;
			buildSettings = {
				ALWAYS_SEARCH_USER_PATHS = NO;
				ASSETCATALOG_COMPILER_GENERATE_SWIFT_ASSET_SYMBOL_EXTENSIONS = YES;
				CLANG_ANALYZER_NONNULL = YES;
				CLANG_ANALYZER_NUMBER_OBJECT_CONVERSION = YES_AGGRESSIVE;
				CLANG_CXX_LANGUAGE_STANDARD = "gnu++20";
				CLANG_ENABLE_MODULES = YES;
				CLANG_ENABLE_OBJC_ARC = YES;
				CLANG_ENABLE_OBJC_WEAK = YES;
				CLANG_WARN_BLOCK_CAPTURE_AUTORELEASING = YES;
				CLANG_WARN_BOOL_CONVERSION = YES;
				CLANG_WARN_COMMA = YES;
				CLANG_WARN_CONSTANT_CONVERSION = YES;
				CLANG_WARN_DEPRECATED_OBJC_IMPLEMENTATIONS = YES;
				CLANG_WARN_DIRECT_OBJC_ISA_USAGE = YES_ERROR;
				CLANG_WARN_DOCUMENTATION_COMMENTS = YES;
				CLANG_WARN_EMPTY_BODY = YES;
				CLANG_WARN_ENUM_CONVERSION = YES;
				CLANG_WARN_INFINITE_RECURSION = YES;
				CLANG_WARN_INT_CONVERSION = YES;
				CLANG_WARN_NON_LITERAL_NULL_CONVERSION = YES;
				CLANG_WARN_OBJC_IMPLICIT_RETAIN_SELF = YES;
				CLANG_WARN_OBJC_LITERAL_CONVERSION = YES;
				CLANG_WARN_OBJC_ROOT_CLASS = YES_ERROR;
				CLANG_WARN_QUOTED_INCLUDE_IN_FRAMEWORK_HEADER = YES;
				CLANG_WARN_RANGE_LOOP_ANALYSIS = YES;
				CLANG_WARN_STRICT_PROTOTYPES = YES;
				CLANG_WARN_SUSPICIOUS_MOVE = YES;
				CLANG_WARN_UNGUARDED_AVAILABILITY = YES_AGGRESSIVE;
				CLANG_WARN_UNREACHABLE_CODE = YES;
				CLANG_WARN__DUPLICATE_METHOD_MATCH = YES;
				COPY_PHASE_STRIP = NO;
				DEBUG_INFORMATION_FORMAT = "dwarf-with-dsym";
				ENABLE_NS_ASSERTIONS = NO;
				ENABLE_STRICT_OBJC_MSGSEND = YES;
				ENABLE_USER_SCRIPT_SANDBOXING = YES;
				GCC_C_LANGUAGE_STANDARD = gnu17;
				GCC_NO_COMMON_BLOCKS = YES;
				GCC_WARN_64_TO_32_BIT_CONVERSION = YES;
				GCC_WARN_ABOUT_RETURN_TYPE = YES_ERROR;
				GCC_WARN_UNDECLARED_SELECTOR = YES;
				GCC_WARN_UNINITIALIZED_AUTOS = YES_AGGRESSIVE;
				GCC_WARN_UNUSED_FUNCTION = YES;
				GCC_WARN_UNUSED_VARIABLE = YES;
				IPHONEOS_DEPLOYMENT_TARGET = 18.2;
				LOCALIZATION_PREFERS_STRING_CATALOGS = YES;
				MTL_ENABLE_DEBUG_INFO = NO;
				MTL_FAST_MATH = YES;
				SDKROOT = iphoneos;
				SWIFT_COMPILATION_MODE = wholemodule;
				VALIDATE_PRODUCT = YES;
			};
			name = Release;
		};
		5A87F7DF2D8D1CD700F309EA /* Debug */ = {
			isa = XCBuildConfiguration;
			buildSettings = {
				BUNDLE_LOADER = "$(TEST_HOST)";
				CODE_SIGN_STYLE = Automatic;
				CURRENT_PROJECT_VERSION = 1;
				GENERATE_INFOPLIST_FILE = YES;
				IPHONEOS_DEPLOYMENT_TARGET = 18.2;
				MARKETING_VERSION = 1.0;
				PRODUCT_BUNDLE_IDENTIFIER = gb.LabExe9Tests;
				PRODUCT_NAME = "$(TARGET_NAME)";
				SWIFT_EMIT_LOC_STRINGS = NO;
				SWIFT_VERSION = 5.0;
				TARGETED_DEVICE_FAMILY = "1,2";
				TEST_HOST = "$(BUILT_PRODUCTS_DIR)/LabExe9.app/$(BUNDLE_EXECUTABLE_FOLDER_PATH)/LabExe9";
			};
			name = Debug;
		};
		5A87F7E02D8D1CD700F309EA /* Release */ = {
			isa = XCBuildConfiguration;
			buildSettings = {
				BUNDLE_LOADER = "$(TEST_HOST)";
				CODE_SIGN_STYLE = Automatic;
				CURRENT_PROJECT_VERSION = 1;
				GENERATE_INFOPLIST_FILE = YES;
				IPHONEOS_DEPLOYMENT_TARGET = 18.2;
				MARKETING_VERSION = 1.0;
				PRODUCT_BUNDLE_IDENTIFIER = gb.LabExe9Tests;
				PRODUCT_NAME = "$(TARGET_NAME)";
				SWIFT_EMIT_LOC_STRINGS = NO;
				SWIFT_VERSION = 5.0;
				TARGETED_DEVICE_FAMILY = "1,2";
				TEST_HOST = "$(BUILT_PRODUCTS_DIR)/LabExe9.app/$(BUNDLE_EXECUTABLE_FOLDER_PATH)/LabExe9";
			};
			name = Release;
		};
		5A87F7E22D8D1CD700F309EA /* Debug */ = {
			isa = XCBuildConfiguration;
			buildSettings = {
				CODE_SIGN_STYLE = Automatic;
				CURRENT_PROJECT_VERSION = 1;
				GENERATE_INFOPLIST_FILE = YES;
				MARKETING_VERSION = 1.0;
				PRODUCT_BUNDLE_IDENTIFIER = gb.LabExe9UITests;
				PRODUCT_NAME = "$(TARGET_NAME)";
				SWIFT_EMIT_LOC_STRINGS = NO;
				SWIFT_VERSION = 5.0;
				TARGETED_DEVICE_FAMILY = "1,2";
				TEST_TARGET_NAME = LabExe9;
			};
			name = Debug;
		};
		5A87F7E32D8D1CD700F309EA /* Release */ = {
			isa = XCBuildConfiguration;
			buildSettings = {
				CODE_SIGN_STYLE = Automatic;
				CURRENT_PROJECT_VERSION = 1;
				GENERATE_INFOPLIST_FILE = YES;
				MARKETING_VERSION = 1.0;
				PRODUCT_BUNDLE_IDENTIFIER = gb.LabExe9UITests;
				PRODUCT_NAME = "$(TARGET_NAME)";
				SWIFT_EMIT_LOC_STRINGS = NO;
				SWIFT_VERSION = 5.0;
				TARGETED_DEVICE_FAMILY = "1,2";
				TEST_TARGET_NAME = LabExe9;
			};
			name = Release;
		};
/* End XCBuildConfiguration section */

/* Begin XCConfigurationList section */
		5A87F7AB2D8D1CD400F309EA /* Build configuration list for PBXProject "LabExe9" */ = {
			isa = XCConfigurationList;
			buildConfigurations = (
				5A87F7DC2D8D1CD700F309EA /* Debug */,
				5A87F7DD2D8D1CD700F309EA /* Release */,
			);
			defaultConfigurationIsVisible = 0;
			defaultConfigurationName = Release;
		};
		5A87F7D92D8D1CD700F309EA /* Build configuration list for PBXNativeTarget "LabExe9" */ = {
			isa = XCConfigurationList;
			buildConfigurations = (
				5A87F7DA2D8D1CD700F309EA /* Debug */,
				5A87F7DB2D8D1CD700F309EA /* Release */,
			);
			defaultConfigurationIsVisible = 0;
			defaultConfigurationName = Release;
		};
		5A87F7DE2D8D1CD700F309EA /* Build configuration list for PBXNativeTarget "LabExe9Tests" */ = {
			isa = XCConfigurationList;
			buildConfigurations = (
				5A87F7DF2D8D1CD700F309EA /* Debug */,
				5A87F7E02D8D1CD700F309EA /* Release */,
			);
			defaultConfigurationIsVisible = 0;
			defaultConfigurationName = Release;
		};
		5A87F7E12D8D1CD700F309EA /* Build configuration list for PBXNativeTarget "LabExe9UITests" */ = {
			isa = XCConfigurationList;
			buildConfigurations = (
				5A87F7E22D8D1CD700F309EA /* Debug */,
				5A87F7E32D8D1CD700F309EA /* Release */,
			);
			defaultConfigurationIsVisible = 0;
			defaultConfigurationName = Release;
		};
/* End XCConfigurationList section */
	};
	rootObject = 5A87F7A82D8D1CD400F309EA /* Project object */;
}
